PODS:
  - Expecta (0.3.1)
  - ReactiveCocoa (2.4.2):
    - ReactiveCocoa/UI
  - ReactiveCocoa/Core (2.4.2):
    - ReactiveCocoa/no-arc
  - ReactiveCocoa/no-arc (2.4.2)
  - ReactiveCocoa/UI (2.4.2):
    - ReactiveCocoa/Core
  - Specta (0.3.0.beta1)
  - Subliminal (1.1.0)

DEPENDENCIES:
  - Expecta
  - ReactiveCocoa
  - Specta (from `https://github.com/specta/specta`, branch `0.3-wip`)
  - Subliminal

EXTERNAL SOURCES:
  Specta:
    :branch: 0.3-wip
    :git: https://github.com/specta/specta

SPEC CHECKSUMS:
  Expecta: 03aabd0a89d8dea843baecb19a7fd7466a69a31d
  ReactiveCocoa: 8418a82b67af2f1b7587baf29c329040a23c2063
  Specta: 31504faaff6c499cf704d97b4dcd2a8a9ef3fe22
  Subliminal: ed7811c592f738e99e0d89b80dbbeb08af14f1bf

COCOAPODS: 0.34.4
