<?xml version="1.0" encoding="UTF-8"?>
<Scheme
   version = "1.3">
   <BuildAction>
      <BuildActionEntries>
         <BuildActionEntry
            buildForRunning = "YES">
            <BuildableReference
               BuildableIdentifier = "primary"
               BlueprintIdentifier = "0B3A912B1A44B82E0032C0AE"
               BuildableName = "Vanguard-iOS.app"
               BlueprintName = "Vanguard-iOS"
               ReferencedContainer = "container:Vanguard-iOS.xcodeproj">
            </BuildableReference>
         </BuildActionEntry>
      </BuildActionEntries>
   </BuildAction>
   <LaunchAction
      useCustomWorkingDirectory = "NO"
      buildConfiguration = "Debug">
      <BuildableProductRunnable>
         <BuildableReference
            BuildableIdentifier = "primary"
            BlueprintIdentifier = "0B3A912B1A44B82E0032C0AE"
            BuildableName = "Vanguard-iOS.app"
            BlueprintName = "Vanguard-iOS"
            ReferencedContainer = "container:Vanguard-iOS.xcodeproj">
         </BuildableReference>
      </BuildableProductRunnable>
   </LaunchAction>
</Scheme>
